// !$*UTF8*$!
{
	archiveVersion = 1;
	classes = {
	};
	objectVersion = 77;
	objects = {

/* Begin PBXContainerItemProxy section */
		C8086DFF2E0EE62D00D32B13 /* PBXContainerItemProxy */ = {
			isa = PBXContainerItemProxy;
			containerPortal = C8086DE62E0EE62C00D32B13 /* Project object */;
			proxyType = 1;
			remoteGlobalIDString = C8086DED2E0EE62C00D32B13;
			remoteInfo = iosSample;
		};
		C8086E092E0EE62D00D32B13 /* PBXContainerItemProxy */ = {
			isa = PBXContainerItemProxy;
			containerPortal = C8086DE62E0EE62C00D32B13 /* Project object */;
			proxyType = 1;
			remoteGlobalIDString = C8086DED2E0EE62C00D32B13;
			remoteInfo = iosSample;
		};
/* End PBXContainerItemProxy section */

/* Begin PBXFileReference section */
		C8086DEE2E0EE62C00D32B13 /* iosSample.app */ = {isa = PBXFileReference; explicitFileType = wrapper.application; includeInIndex = 0; path = iosSample.app; sourceTree = BUILT_PRODUCTS_DIR; };
		C8086DFE2E0EE62D00D32B13 /* iosSampleTests.xctest */ = {isa = PBXFileReference; explicitFileType = wrapper.cfbundle; includeInIndex = 0; path = iosSampleTests.xctest; sourceTree = BUILT_PRODUCTS_DIR; };
		C8086E082E0EE62D00D32B13 /* iosSampleUITests.xctest */ = {isa = PBXFileReference; explicitFileType = wrapper.cfbundle; includeInIndex = 0; path = iosSampleUITests.xctest; sourceTree = BUILT_PRODUCTS_DIR; };
/* End PBXFileReference section */

/* Begin PBXFileSystemSynchronizedRootGroup section */
		C8086DF02E0EE62C00D32B13 /* iosSample */ = {
			isa = PBXFileSystemSynchronizedRootGroup;
			path = iosSample;
			sourceTree = "<group>";
		};
		C8086E012E0EE62D00D32B13 /* iosSampleTests */ = {
			isa = PBXFileSystemSynchronizedRootGroup;
			path = iosSampleTests;
			sourceTree = "<group>";
		};
		C8086E0B2E0EE62D00D32B13 /* iosSampleUITests */ = {
			isa = PBXFileSystemSynchronizedRootGroup;
			path = iosSampleUITests;
			sourceTree = "<group>";
		};
/* End PBXFileSystemSynchronizedRootGroup section */

/* Begin PBXFrameworksBuildPhase section */
		C8086DEB2E0EE62C00D32B13 /* Frameworks */ = {
			isa = PBXFrameworksBuildPhase;
			buildActionMask = 2147483647;
			files = (
			);
			runOnlyForDeploymentPostprocessing = 0;
		};
		C8086DFB2E0EE62D00D32B13 /* Frameworks */ = {
			isa = PBXFrameworksBuildPhase;
			buildActionMask = 2147483647;
			files = (
			);
			runOnlyForDeploymentPostprocessing = 0;
		};
		C8086E052E0EE62D00D32B13 /* Frameworks */ = {
			isa = PBXFrameworksBuildPhase;
			buildActionMask = 2147483647;
			files = (
			);
			runOnlyForDeploymentPostprocessing = 0;
		};
/* End PBXFrameworksBuildPhase section */

/* Begin PBXGroup section */
		C8086DE52E0EE62C00D32B13 = {
			isa = PBXGroup;
			children = (
				C8086DF02E0EE62C00D32B13 /* iosSample */,
				C8086E012E0EE62D00D32B13 /* iosSampleTests */,
				C8086E0B2E0EE62D00D32B13 /* iosSampleUITests */,
				C8086DEF2E0EE62C00D32B13 /* Products */,
			);
			sourceTree = "<group>";
		};
		C8086DEF2E0EE62C00D32B13 /* Products */ = {
			isa = PBXGroup;
			children = (
				C8086DEE2E0EE62C00D32B13 /* iosSample.app */,
				C8086DFE2E0EE62D00D32B13 /* iosSampleTests.xctest */,
				C8086E082E0EE62D00D32B13 /* iosSampleUITests.xctest */,
			);
			name = Products;
			sourceTree = "<group>";
		};
/* End PBXGroup section */

/* Begin PBXNativeTarget section */
		C8086DED2E0EE62C00D32B13 /* iosSample */ = {
			isa = PBXNativeTarget;
			buildConfigurationList = C8086E122E0EE62D00D32B13 /* Build configuration list for PBXNativeTarget "iosSample" */;
			buildPhases = (
				C8086E2A2E0EE73900D32B13 /* Run Script */,
				C8086DEA2E0EE62C00D32B13 /* Sources */,
				C8086DEB2E0EE62C00D32B13 /* Frameworks */,
				C8086DEC2E0EE62C00D32B13 /* Resources */,
			);
			buildRules = (
			);
			dependencies = (
			);
			fileSystemSynchronizedGroups = (
				C8086DF02E0EE62C00D32B13 /* iosSample */,
			);
			name = iosSample;
			packageProductDependencies = (
			);
			productName = iosSample;
			productReference = C8086DEE2E0EE62C00D32B13 /* iosSample.app */;
			productType = "com.apple.product-type.application";
		};
		C8086DFD2E0EE62D00D32B13 /* iosSampleTests */ = {
			isa = PBXNativeTarget;
			buildConfigurationList = C8086E152E0EE62D00D32B13 /* Build configuration list for PBXNativeTarget "iosSampleTests" */;
			buildPhases = (
				C8086DFA2E0EE62D00D32B13 /* Sources */,
				C8086DFB2E0EE62D00D32B13 /* Frameworks */,
				C8086DFC2E0EE62D00D32B13 /* Resources */,
			);
			buildRules = (
			);
			dependencies = (
				C8086E002E0EE62D00D32B13 /* PBXTargetDependency */,
			);
			fileSystemSynchronizedGroups = (
				C8086E012E0EE62D00D32B13 /* iosSampleTests */,
			);
			name = iosSampleTests;
			packageProductDependencies = (
			);
			productName = iosSampleTests;
			productReference = C8086DFE2E0EE62D00D32B13 /* iosSampleTests.xctest */;
			productType = "com.apple.product-type.bundle.unit-test";
		};
		C8086E072E0EE62D00D32B13 /* iosSampleUITests */ = {
			isa = PBXNativeTarget;
			buildConfigurationList = C8086E182E0EE62D00D32B13 /* Build configuration list for PBXNativeTarget "iosSampleUITests" */;
			buildPhases = (
				C8086E042E0EE62D00D32B13 /* Sources */,
				C8086E052E0EE62D00D32B13 /* Frameworks */,
				C8086E062E0EE62D00D32B13 /* Resources */,
			);
			buildRules = (
			);
			dependencies = (
				C8086E0A2E0EE62D00D32B13 /* PBXTargetDependency */,
			);
			fileSystemSynchronizedGroups = (
				C8086E0B2E0EE62D00D32B13 /* iosSampleUITests */,
			);
			name = iosSampleUITests;
			packageProductDependencies = (
			);
			productName = iosSampleUITests;
			productReference = C8086E082E0EE62D00D32B13 /* iosSampleUITests.xctest */;
			productType = "com.apple.product-type.bundle.ui-testing";
		};
/* End PBXNativeTarget section */

/* Begin PBXProject section */
		C8086DE62E0EE62C00D32B13 /* Project object */ = {
			isa = PBXProject;
			attributes = {
				BuildIndependentTargetsInParallel = 1;
				LastSwiftUpdateCheck = 1600;
				LastUpgradeCheck = 1600;
				TargetAttributes = {
					C8086DED2E0EE62C00D32B13 = {
						CreatedOnToolsVersion = 16.0;
					};
					C8086DFD2E0EE62D00D32B13 = {
						CreatedOnToolsVersion = 16.0;
						TestTargetID = C8086DED2E0EE62C00D32B13;
					};
					C8086E072E0EE62D00D32B13 = {
						CreatedOnToolsVersion = 16.0;
						TestTargetID = C8086DED2E0EE62C00D32B13;
					};
				};
			};
			buildConfigurationList = C8086DE92E0EE62C00D32B13 /* Build configuration list for PBXProject "iosSample" */;
			developmentRegion = en;
			hasScannedForEncodings = 0;
			knownRegions = (
				en,
				Base,
			);
			mainGroup = C8086DE52E0EE62C00D32B13;
			minimizedProjectReferenceProxies = 1;
			preferredProjectObjectVersion = 77;
			productRefGroup = C8086DEF2E0EE62C00D32B13 /* Products */;
			projectDirPath = "";
			projectRoot = "";
			targets = (
				C8086DED2E0EE62C00D32B13 /* iosSample */,
				C8086DFD2E0EE62D00D32B13 /* iosSampleTests */,
				C8086E072E0EE62D00D32B13 /* iosSampleUITests */,
			);
		};
/* End PBXProject section */

/* Begin PBXResourcesBuildPhase section */
		C8086DEC2E0EE62C00D32B13 /* Resources */ = {
			isa = PBXResourcesBuildPhase;
			buildActionMask = 2147483647;
			files = (
			);
			runOnlyForDeploymentPostprocessing = 0;
		};
		C8086DFC2E0EE62D00D32B13 /* Resources */ = {
			isa = PBXResourcesBuildPhase;
			buildActionMask = 2147483647;
			files = (
			);
			runOnlyForDeploymentPostprocessing = 0;
		};
		C8086E062E0EE62D00D32B13 /* Resources */ = {
			isa = PBXResourcesBuildPhase;
			buildActionMask = 2147483647;
			files = (
			);
			runOnlyForDeploymentPostprocessing = 0;
		};
/* End PBXResourcesBuildPhase section */

/* Begin PBXShellScriptBuildPhase section */
		C8086E2A2E0EE73900D32B13 /* Run Script */ = {
			isa = PBXShellScriptBuildPhase;
			buildActionMask = 2147483647;
			files = (
			);
			inputFileListPaths = (
			);
			inputPaths = (
			);
			name = "Run Script";
			outputFileListPaths = (
			);
			outputPaths = (
			);
			runOnlyForDeploymentPostprocessing = 0;
			shellPath = "/bin/sh\n./gradlew :shared:embedAndSignAppleFrameworkForXcode";
			shellScript = "cd \"$SRCROOT/..\"\n./gradlew :sample-kmp:embedAndSignAppleFrameworkForXcode\n";
		};
/* End PBXShellScriptBuildPhase section */

/* Begin PBXSourcesBuildPhase section */
		C8086DEA2E0EE62C00D32B13 /* Sources */ = {
			isa = PBXSourcesBuildPhase;
			buildActionMask = 2147483647;
			files = (
			);
			runOnlyForDeploymentPostprocessing = 0;
		};
		C8086DFA2E0EE62D00D32B13 /* Sources */ = {
			isa = PBXSourcesBuildPhase;
			buildActionMask = 2147483647;
			files = (
			);
			runOnlyForDeploymentPostprocessing = 0;
		};
		C8086E042E0EE62D00D32B13 /* Sources */ = {
			isa = PBXSourcesBuildPhase;
			buildActionMask = 2147483647;
			files = (
			);
			runOnlyForDeploymentPostprocessing = 0;
		};
/* End PBXSourcesBuildPhase section */

/* Begin PBXTargetDependency section */
		C8086E002E0EE62D00D32B13 /* PBXTargetDependency */ = {
			isa = PBXTargetDependency;
			target = C8086DED2E0EE62C00D32B13 /* iosSample */;
			targetProxy = C8086DFF2E0EE62D00D32B13 /* PBXContainerItemProxy */;
		};
		C8086E0A2E0EE62D00D32B13 /* PBXTargetDependency */ = {
			isa = PBXTargetDependency;
			target = C8086DED2E0EE62C00D32B13 /* iosSample */;
			targetProxy = C8086E092E0EE62D00D32B13 /* PBXContainerItemProxy */;
		};
/* End PBXTargetDependency section */

/* Begin XCBuildConfiguration section */
		C8086E102E0EE62D00D32B13 /* Debug */ = {
			isa = XCBuildConfiguration;
			buildSettings = {
				ALWAYS_SEARCH_USER_PATHS = NO;
				ASSETCATALOG_COMPILER_GENERATE_SWIFT_ASSET_SYMBOL_EXTENSIONS = YES;
				CLANG_ANALYZER_NONNULL = YES;
				CLANG_ANALYZER_NUMBER_OBJECT_CONVERSION = YES_AGGRESSIVE;
				CLANG_CXX_LANGUAGE_STANDARD = "gnu++20";
				CLANG_ENABLE_MODULES = YES;
				CLANG_ENABLE_OBJC_ARC = YES;
				CLANG_ENABLE_OBJC_WEAK = YES;
				CLANG_WARN_BLOCK_CAPTURE_AUTORELEASING = YES;
				CLANG_WARN_BOOL_CONVERSION = YES;
				CLANG_WARN_COMMA = YES;
				CLANG_WARN_CONSTANT_CONVERSION = YES;
				CLANG_WARN_DEPRECATED_OBJC_IMPLEMENTATIONS = YES;
				CLANG_WARN_DIRECT_OBJC_ISA_USAGE = YES_ERROR;
				CLANG_WARN_DOCUMENTATION_COMMENTS = YES;
				CLANG_WARN_EMPTY_BODY = YES;
				CLANG_WARN_ENUM_CONVERSION = YES;
				CLANG_WARN_INFINITE_RECURSION = YES;
				CLANG_WARN_INT_CONVERSION = YES;
				CLANG_WARN_NON_LITERAL_NULL_CONVERSION = YES;
				CLANG_WARN_OBJC_IMPLICIT_RETAIN_SELF = YES;
				CLANG_WARN_OBJC_LITERAL_CONVERSION = YES;
				CLANG_WARN_OBJC_ROOT_CLASS = YES_ERROR;
				CLANG_WARN_QUOTED_INCLUDE_IN_FRAMEWORK_HEADER = YES;
				CLANG_WARN_RANGE_LOOP_ANALYSIS = YES;
				CLANG_WARN_STRICT_PROTOTYPES = YES;
				CLANG_WARN_SUSPICIOUS_MOVE = YES;
				CLANG_WARN_UNGUARDED_AVAILABILITY = YES_AGGRESSIVE;
				CLANG_WARN_UNREACHABLE_CODE = YES;
				CLANG_WARN__DUPLICATE_METHOD_MATCH = YES;
				COPY_PHASE_STRIP = NO;
				DEBUG_INFORMATION_FORMAT = dwarf;
				ENABLE_STRICT_OBJC_MSGSEND = YES;
				ENABLE_TESTABILITY = YES;
				ENABLE_USER_SCRIPT_SANDBOXING = YES;
				GCC_C_LANGUAGE_STANDARD = gnu17;
				GCC_DYNAMIC_NO_PIC = NO;
				GCC_NO_COMMON_BLOCKS = YES;
				GCC_OPTIMIZATION_LEVEL = 0;
				GCC_PREPROCESSOR_DEFINITIONS = (
					"DEBUG=1",
					"$(inherited)",
				);
				GCC_WARN_64_TO_32_BIT_CONVERSION = YES;
				GCC_WARN_ABOUT_RETURN_TYPE = YES_ERROR;
				GCC_WARN_UNDECLARED_SELECTOR = YES;
				GCC_WARN_UNINITIALIZED_AUTOS = YES_AGGRESSIVE;
				GCC_WARN_UNUSED_FUNCTION = YES;
				GCC_WARN_UNUSED_VARIABLE = YES;
				IPHONEOS_DEPLOYMENT_TARGET = 18.0;
				LOCALIZATION_PREFERS_STRING_CATALOGS = YES;
				MTL_ENABLE_DEBUG_INFO = INCLUDE_SOURCE;
				MTL_FAST_MATH = YES;
				ONLY_ACTIVE_ARCH = YES;
				SDKROOT = iphoneos;
				SWIFT_ACTIVE_COMPILATION_CONDITIONS = "DEBUG $(inherited)";
				SWIFT_OPTIMIZATION_LEVEL = "-Onone";
			};
			name = Debug;
		};
		C8086E112E0EE62D00D32B13 /* Release */ = {
			isa = XCBuildConfiguration;
			buildSettings = {
				ALWAYS_SEARCH_USER_PATHS = NO;
				ASSETCATALOG_COMPILER_GENERATE_SWIFT_ASSET_SYMBOL_EXTENSIONS = YES;
				CLANG_ANALYZER_NONNULL = YES;
				CLANG_ANALYZER_NUMBER_OBJECT_CONVERSION = YES_AGGRESSIVE;
				CLANG_CXX_LANGUAGE_STANDARD = "gnu++20";
				CLANG_ENABLE_MODULES = YES;
				CLANG_ENABLE_OBJC_ARC = YES;
				CLANG_ENABLE_OBJC_WEAK = YES;
				CLANG_WARN_BLOCK_CAPTURE_AUTORELEASING = YES;
				CLANG_WARN_BOOL_CONVERSION = YES;
				CLANG_WARN_COMMA = YES;
				CLANG_WARN_CONSTANT_CONVERSION = YES;
				CLANG_WARN_DEPRECATED_OBJC_IMPLEMENTATIONS = YES;
				CLANG_WARN_DIRECT_OBJC_ISA_USAGE = YES_ERROR;
				CLANG_WARN_DOCUMENTATION_COMMENTS = YES;
				CLANG_WARN_EMPTY_BODY = YES;
				CLANG_WARN_ENUM_CONVERSION = YES;
				CLANG_WARN_INFINITE_RECURSION = YES;
				CLANG_WARN_INT_CONVERSION = YES;
				CLANG_WARN_NON_LITERAL_NULL_CONVERSION = YES;
				CLANG_WARN_OBJC_IMPLICIT_RETAIN_SELF = YES;
				CLANG_WARN_OBJC_LITERAL_CONVERSION = YES;
				CLANG_WARN_OBJC_ROOT_CLASS = YES_ERROR;
				CLANG_WARN_QUOTED_INCLUDE_IN_FRAMEWORK_HEADER = YES;
				CLANG_WARN_RANGE_LOOP_ANALYSIS = YES;
				CLANG_WARN_STRICT_PROTOTYPES = YES;
				CLANG_WARN_SUSPICIOUS_MOVE = YES;
				CLANG_WARN_UNGUARDED_AVAILABILITY = YES_AGGRESSIVE;
				CLANG_WARN_UNREACHABLE_CODE = YES;
				CLANG_WARN__DUPLICATE_METHOD_MATCH = YES;
				COPY_PHASE_STRIP = NO;
				DEBUG_INFORMATION_FORMAT = "dwarf-with-dsym";
				ENABLE_NS_ASSERTIONS = NO;
				ENABLE_STRICT_OBJC_MSGSEND = YES;
				ENABLE_USER_SCRIPT_SANDBOXING = YES;
				GCC_C_LANGUAGE_STANDARD = gnu17;
				GCC_NO_COMMON_BLOCKS = YES;
				GCC_WARN_64_TO_32_BIT_CONVERSION = YES;
				GCC_WARN_ABOUT_RETURN_TYPE = YES_ERROR;
				GCC_WARN_UNDECLARED_SELECTOR = YES;
				GCC_WARN_UNINITIALIZED_AUTOS = YES_AGGRESSIVE;
				GCC_WARN_UNUSED_FUNCTION = YES;
				GCC_WARN_UNUSED_VARIABLE = YES;
				IPHONEOS_DEPLOYMENT_TARGET = 18.0;
				LOCALIZATION_PREFERS_STRING_CATALOGS = YES;
				MTL_ENABLE_DEBUG_INFO = NO;
				MTL_FAST_MATH = YES;
				SDKROOT = iphoneos;
				SWIFT_COMPILATION_MODE = wholemodule;
				VALIDATE_PRODUCT = YES;
			};
			name = Release;
		};
		C8086E132E0EE62D00D32B13 /* Debug */ = {
			isa = XCBuildConfiguration;
			buildSettings = {
				ASSETCATALOG_COMPILER_APPICON_NAME = AppIcon;
				ASSETCATALOG_COMPILER_GLOBAL_ACCENT_COLOR_NAME = AccentColor;
				CODE_SIGN_STYLE = Automatic;
				CURRENT_PROJECT_VERSION = 1;
				DEVELOPMENT_ASSET_PATHS = "\"iosSample/Preview Content\"";
				DEVELOPMENT_TEAM = JC73H96SXY;
				ENABLE_PREVIEWS = YES;
				ENABLE_USER_SCRIPT_SANDBOXING = NO;
				GENERATE_INFOPLIST_FILE = YES;
				INFOPLIST_KEY_UIApplicationSceneManifest_Generation = YES;
				INFOPLIST_KEY_UIApplicationSupportsIndirectInputEvents = YES;
				INFOPLIST_KEY_UILaunchScreen_Generation = YES;
				INFOPLIST_KEY_UISupportedInterfaceOrientations_iPad = "UIInterfaceOrientationPortrait UIInterfaceOrientationPortraitUpsideDown UIInterfaceOrientationLandscapeLeft UIInterfaceOrientationLandscapeRight";
				INFOPLIST_KEY_UISupportedInterfaceOrientations_iPhone = "UIInterfaceOrientationPortrait UIInterfaceOrientationLandscapeLeft UIInterfaceOrientationLandscapeRight";
				LD_RUNPATH_SEARCH_PATHS = (
					"$(inherited)",
					"@executable_path/Frameworks",
				);
				MARKETING_VERSION = 1.0;
				PRODUCT_BUNDLE_IDENTIFIER = com.jvziyaoyao.scale.iosSample;
				PRODUCT_NAME = "$(TARGET_NAME)";
				SWIFT_EMIT_LOC_STRINGS = YES;
				SWIFT_VERSION = 5.0;
				TARGETED_DEVICE_FAMILY = "1,2";
			};
			name = Debug;
		};
		C8086E142E0EE62D00D32B13 /* Release */ = {
			isa = XCBuildConfiguration;
			buildSettings = {
				ASSETCATALOG_COMPILER_APPICON_NAME = AppIcon;
				ASSETCATALOG_COMPILER_GLOBAL_ACCENT_COLOR_NAME = AccentColor;
				CODE_SIGN_STYLE = Automatic;
				CURRENT_PROJECT_VERSION = 1;
				DEVELOPMENT_ASSET_PATHS = "\"iosSample/Preview Content\"";
				DEVELOPMENT_TEAM = JC73H96SXY;
				ENABLE_PREVIEWS = YES;
				ENABLE_USER_SCRIPT_SANDBOXING = NO;
				GENERATE_INFOPLIST_FILE = YES;
				INFOPLIST_KEY_UIApplicationSceneManifest_Generation = YES;
				INFOPLIST_KEY_UIApplicationSupportsIndirectInputEvents = YES;
				INFOPLIST_KEY_UILaunchScreen_Generation = YES;
				INFOPLIST_KEY_UISupportedInterfaceOrientations_iPad = "UIInterfaceOrientationPortrait UIInterfaceOrientationPortraitUpsideDown UIInterfaceOrientationLandscapeLeft UIInterfaceOrientationLandscapeRight";
				INFOPLIST_KEY_UISupportedInterfaceOrientations_iPhone = "UIInterfaceOrientationPortrait UIInterfaceOrientationLandscapeLeft UIInterfaceOrientationLandscapeRight";
				LD_RUNPATH_SEARCH_PATHS = (
					"$(inherited)",
					"@executable_path/Frameworks",
				);
				MARKETING_VERSION = 1.0;
				PRODUCT_BUNDLE_IDENTIFIER = com.jvziyaoyao.scale.iosSample;
				PRODUCT_NAME = "$(TARGET_NAME)";
				SWIFT_EMIT_LOC_STRINGS = YES;
				SWIFT_VERSION = 5.0;
				TARGETED_DEVICE_FAMILY = "1,2";
			};
			name = Release;
		};
		C8086E162E0EE62D00D32B13 /* Debug */ = {
			isa = XCBuildConfiguration;
			buildSettings = {
				BUNDLE_LOADER = "$(TEST_HOST)";
				CODE_SIGN_STYLE = Automatic;
				CURRENT_PROJECT_VERSION = 1;
				DEVELOPMENT_TEAM = JC73H96SXY;
				GENERATE_INFOPLIST_FILE = YES;
				IPHONEOS_DEPLOYMENT_TARGET = 18.0;
				MARKETING_VERSION = 1.0;
				PRODUCT_BUNDLE_IDENTIFIER = com.jvziyaoyao.scale.iosSampleTests;
				PRODUCT_NAME = "$(TARGET_NAME)";
				SWIFT_EMIT_LOC_STRINGS = NO;
				SWIFT_VERSION = 5.0;
				TARGETED_DEVICE_FAMILY = "1,2";
				TEST_HOST = "$(BUILT_PRODUCTS_DIR)/iosSample.app/$(BUNDLE_EXECUTABLE_FOLDER_PATH)/iosSample";
			};
			name = Debug;
		};
		C8086E172E0EE62D00D32B13 /* Release */ = {
			isa = XCBuildConfiguration;
			buildSettings = {
				BUNDLE_LOADER = "$(TEST_HOST)";
				CODE_SIGN_STYLE = Automatic;
				CURRENT_PROJECT_VERSION = 1;
				DEVELOPMENT_TEAM = JC73H96SXY;
				GENERATE_INFOPLIST_FILE = YES;
				IPHONEOS_DEPLOYMENT_TARGET = 18.0;
				MARKETING_VERSION = 1.0;
				PRODUCT_BUNDLE_IDENTIFIER = com.jvziyaoyao.scale.iosSampleTests;
				PRODUCT_NAME = "$(TARGET_NAME)";
				SWIFT_EMIT_LOC_STRINGS = NO;
				SWIFT_VERSION = 5.0;
				TARGETED_DEVICE_FAMILY = "1,2";
				TEST_HOST = "$(BUILT_PRODUCTS_DIR)/iosSample.app/$(BUNDLE_EXECUTABLE_FOLDER_PATH)/iosSample";
			};
			name = Release;
		};
		C8086E192E0EE62D00D32B13 /* Debug */ = {
			isa = XCBuildConfiguration;
			buildSettings = {
				CODE_SIGN_STYLE = Automatic;
				CURRENT_PROJECT_VERSION = 1;
				DEVELOPMENT_TEAM = JC73H96SXY;
				GENERATE_INFOPLIST_FILE = YES;
				MARKETING_VERSION = 1.0;
				PRODUCT_BUNDLE_IDENTIFIER = com.jvziyaoyao.scale.iosSampleUITests;
				PRODUCT_NAME = "$(TARGET_NAME)";
				SWIFT_EMIT_LOC_STRINGS = NO;
				SWIFT_VERSION = 5.0;
				TARGETED_DEVICE_FAMILY = "1,2";
				TEST_TARGET_NAME = iosSample;
			};
			name = Debug;
		};
		C8086E1A2E0EE62D00D32B13 /* Release */ = {
			isa = XCBuildConfiguration;
			buildSettings = {
				CODE_SIGN_STYLE = Automatic;
				CURRENT_PROJECT_VERSION = 1;
				DEVELOPMENT_TEAM = JC73H96SXY;
				GENERATE_INFOPLIST_FILE = YES;
				MARKETING_VERSION = 1.0;
				PRODUCT_BUNDLE_IDENTIFIER = com.jvziyaoyao.scale.iosSampleUITests;
				PRODUCT_NAME = "$(TARGET_NAME)";
				SWIFT_EMIT_LOC_STRINGS = NO;
				SWIFT_VERSION = 5.0;
				TARGETED_DEVICE_FAMILY = "1,2";
				TEST_TARGET_NAME = iosSample;
			};
			name = Release;
		};
/* End XCBuildConfiguration section */

/* Begin XCConfigurationList section */
		C8086DE92E0EE62C00D32B13 /* Build configuration list for PBXProject "iosSample" */ = {
			isa = XCConfigurationList;
			buildConfigurations = (
				C8086E102E0EE62D00D32B13 /* Debug */,
				C8086E112E0EE62D00D32B13 /* Release */,
			);
			defaultConfigurationIsVisible = 0;
			defaultConfigurationName = Release;
		};
		C8086E122E0EE62D00D32B13 /* Build configuration list for PBXNativeTarget "iosSample" */ = {
			isa = XCConfigurationList;
			buildConfigurations = (
				C8086E132E0EE62D00D32B13 /* Debug */,
				C8086E142E0EE62D00D32B13 /* Release */,
			);
			defaultConfigurationIsVisible = 0;
			defaultConfigurationName = Release;
		};
		C8086E152E0EE62D00D32B13 /* Build configuration list for PBXNativeTarget "iosSampleTests" */ = {
			isa = XCConfigurationList;
			buildConfigurations = (
				C8086E162E0EE62D00D32B13 /* Debug */,
				C8086E172E0EE62D00D32B13 /* Release */,
			);
			defaultConfigurationIsVisible = 0;
			defaultConfigurationName = Release;
		};
		C8086E182E0EE62D00D32B13 /* Build configuration list for PBXNativeTarget "iosSampleUITests" */ = {
			isa = XCConfigurationList;
			buildConfigurations = (
				C8086E192E0EE62D00D32B13 /* Debug */,
				C8086E1A2E0EE62D00D32B13 /* Release */,
			);
			defaultConfigurationIsVisible = 0;
			defaultConfigurationName = Release;
		};
/* End XCConfigurationList section */
	};
	rootObject = C8086DE62E0EE62C00D32B13 /* Project object */;
}
